
Microsoft Visual Studio Solution File, Format Version 12.00
# Visual Studio Version 17
VisualStudioVersion = 17.1.31911.260
MinimumVisualStudioVersion = 10.0.40219.1
Project("{9A19103F-16F7-4668-BE54-9A1E7A4F7556}") = "Qolab.API", "Qolab.API\Qolab.API.csproj", "{9ACE8862-93C6-4B24-A87D-6AD289ABA88E}"
EndProject
Project("{E53339B2-1760-4266-BCC7-CA923CBCF16C}") = "docker-compose", "qolab-docker\docker-compose.dcproj", "{8C88C108-5A40-4EC0-95D9-42682A2FE755}"
EndProject
Global
	GlobalSection(SolutionConfigurationPlatforms) = preSolution
		Debug|Any CPU = Debug|Any CPU
		Release|Any CPU = Release|Any CPU
	EndGlobalSection
	GlobalSection(ProjectConfigurationPlatforms) = postSolution
		{9ACE8862-93C6-4B24-A87D-6AD289ABA88E}.Debug|Any CPU.ActiveCfg = Debug|Any CPU
		{9ACE8862-93C6-4B24-A87D-6AD289ABA88E}.Debug|Any CPU.Build.0 = Debug|Any CPU
		{9ACE8862-93C6-4B24-A87D-6AD289ABA88E}.Release|Any CPU.ActiveCfg = Release|Any CPU
		{9ACE8862-93C6-4B24-A87D-6AD289ABA88E}.Release|Any CPU.Build.0 = Release|Any CPU
		{8C88C108-5A40-4EC0-95D9-42682A2FE755}.Debug|Any CPU.ActiveCfg = Debug|Any CPU
		{8C88C108-5A40-4EC0-95D9-42682A2FE755}.Debug|Any CPU.Build.0 = Debug|Any CPU
		{8C88C108-5A40-4EC0-95D9-42682A2FE755}.Release|Any CPU.ActiveCfg = Release|Any CPU
		{8C88C108-5A40-4EC0-95D9-42682A2FE755}.Release|Any CPU.Build.0 = Release|Any CPU
	EndGlobalSection
	GlobalSection(SolutionProperties) = preSolution
		HideSolutionNode = FALSE
	EndGlobalSection
	GlobalSection(ExtensibilityGlobals) = postSolution
		SolutionGuid = {BB11FC16-2EF5-45EC-A7C4-C77DF2E67B42}
	EndGlobalSection
EndGlobal
